<?xml version="1.0" encoding="UTF-8" standalone="yes" ?>
<CodeBlocks_project_file>
	<FileVersion major="1" minor="6" />
	<Project>
		<Option title="project" />
		<Option pch_mode="2" />
		<Option compiler="gcc" />
		<Build>
			<Target title="Debug">
				<Option output="bin/Debug/project" prefix_auto="1" extension_auto="1" />
				<Option object_output="obj/Debug/" />
				<Option type="1" />
				<Option compiler="gcc" />
				<Compiler>
					<Add option="-g" />
				</Compiler>
			</Target>
			<Target title="Release">
				<Option output="bin/Release/project" prefix_auto="1" extension_auto="1" />
				<Option object_output="obj/Release/" />
				<Option type="1" />
				<Option compiler="gcc" />
				<Compiler>
					<Add option="-O2" />
				</Compiler>
				<Linker>
					<Add option="-s" />
				</Linker>
			</Target>
		</Build>
		<Compiler>
			<Add option="-Wall" />
			<Add directory="C:/mingw_dev_lib/include/SDL2" />
			<Add directory="C:/Users/zneak/OneDrive - The University of Sydney (Students)/Documents/Uni/First Year/Semester 2/ELEC1601/SDL2_gfx-1.0.1" />
		</Compiler>
		<Linker>
			<Add option="-lmingw32 -lSDL2main -lSDL2" />
			<Add directory="C:/mingw_dev_lib/lib" />
			<Add directory="C:/mingw_dev_lib/bin" />
		</Linker>
		<Unit filename="formulas.c">
			<Option compilerVar="CC" />
		</Unit>
		<Unit filename="formulas.h" />
		<Unit filename="main.c">
			<Option compilerVar="CC" />
		</Unit>
		<Unit filename="robot.c">
			<Option compilerVar="CC" />
		</Unit>
		<Unit filename="robot.h" />
		<Unit filename="structures.h" />
		<Unit filename="wall.c">
			<Option compilerVar="CC" />
		</Unit>
		<Unit filename="wall.h" />
		<Extensions>
			<lib_finder disable_auto="1" />
		</Extensions>
	</Project>
</CodeBlocks_project_file>
